// !$*UTF8*$!
{
	archiveVersion = 1;
	classes = {
	};
	objectVersion = 56;
	objects = {

/* Begin PBXBuildFile section */
		D11095E32B656BEA00AF81BF /* RHCacheStore in Frameworks */ = {isa = PBXBuildFile; productRef = D11095E22B656BEA00AF81BF /* RHCacheStore */; };
		D11095E62B6574F600AF81BF /* RHCacheStoreAPI in Frameworks */ = {isa = PBXBuildFile; productRef = D11095E52B6574F600AF81BF /* RHCacheStoreAPI */; };
		D11095E82B657AB100AF81BF /* PokemonsCodableStoreService.swift in Sources */ = {isa = PBXBuildFile; fileRef = D11095E72B657AB100AF81BF /* PokemonsCodableStoreService.swift */; };
		D12800652C182282005F0902 /* FavoritePokemonDTO.swift in Sources */ = {isa = PBXBuildFile; fileRef = D12800642C182282005F0902 /* FavoritePokemonDTO.swift */; };
		D12800672C182304005F0902 /* FavoritePokemonsStoreService.swift in Sources */ = {isa = PBXBuildFile; fileRef = D12800662C182304005F0902 /* FavoritePokemonsStoreService.swift */; };
		D12800692C182946005F0902 /* FavoritePokemonsDomainModel.swift in Sources */ = {isa = PBXBuildFile; fileRef = D12800682C182946005F0902 /* FavoritePokemonsDomainModel.swift */; };
		D128006B2C182EDE005F0902 /* FavoritePokemonsRepository.swift in Sources */ = {isa = PBXBuildFile; fileRef = D128006A2C182EDE005F0902 /* FavoritePokemonsRepository.swift */; };
		D154D3E92B623AAF0019A665 /* AppDelegate.swift in Sources */ = {isa = PBXBuildFile; fileRef = D154D3E82B623AAF0019A665 /* AppDelegate.swift */; };
		D154D3EB2B623AAF0019A665 /* SceneDelegate.swift in Sources */ = {isa = PBXBuildFile; fileRef = D154D3EA2B623AAF0019A665 /* SceneDelegate.swift */; };
		D154D3F22B623AB20019A665 /* Assets.xcassets in Resources */ = {isa = PBXBuildFile; fileRef = D154D3F12B623AB20019A665 /* Assets.xcassets */; };
		D154D3F52B623AB20019A665 /* LaunchScreen.storyboard in Resources */ = {isa = PBXBuildFile; fileRef = D154D3F32B623AB20019A665 /* LaunchScreen.storyboard */; };
		D154D4002B623AB30019A665 /* RHPokemonDemoAppTests.swift in Sources */ = {isa = PBXBuildFile; fileRef = D154D3FF2B623AB30019A665 /* RHPokemonDemoAppTests.swift */; };
		D154D40A2B623AB30019A665 /* RHPokemonDemoAppUITests.swift in Sources */ = {isa = PBXBuildFile; fileRef = D154D4092B623AB30019A665 /* RHPokemonDemoAppUITests.swift */; };
		D154D40C2B623AB30019A665 /* RHPokemonDemoAppUITestsLaunchTests.swift in Sources */ = {isa = PBXBuildFile; fileRef = D154D40B2B623AB30019A665 /* RHPokemonDemoAppUITestsLaunchTests.swift */; };
		D154D41D2B6242B80019A665 /* RHInterface in Frameworks */ = {isa = PBXBuildFile; productRef = D154D41C2B6242B80019A665 /* RHInterface */; };
		D154D4202B62437C0019A665 /* RHNetwork in Frameworks */ = {isa = PBXBuildFile; productRef = D154D41F2B62437C0019A665 /* RHNetwork */; };
		D154D4232B6243BA0019A665 /* RHUIComponent in Frameworks */ = {isa = PBXBuildFile; productRef = D154D4222B6243BA0019A665 /* RHUIComponent */; };
		D154D4252B6257A50019A665 /* PokemonsNetworkRemoteService.swift in Sources */ = {isa = PBXBuildFile; fileRef = D154D4242B6257A50019A665 /* PokemonsNetworkRemoteService.swift */; };
		D154D4282B6258730019A665 /* PokemonsDTO.swift in Sources */ = {isa = PBXBuildFile; fileRef = D154D4272B6258730019A665 /* PokemonsDTO.swift */; };
		D154D42A2B62588D0019A665 /* PokemonsDomainModel.swift in Sources */ = {isa = PBXBuildFile; fileRef = D154D4292B62588D0019A665 /* PokemonsDomainModel.swift */; };
		D154D42F2B6262880019A665 /* RHNetworkAPI in Frameworks */ = {isa = PBXBuildFile; productRef = D154D42E2B6262880019A665 /* RHNetworkAPI */; };
		D154D4332B62C0D60019A665 /* ColoredPokenmonsServiceServiceTests_EndToEndTests.swift in Sources */ = {isa = PBXBuildFile; fileRef = D154D4322B62C0D60019A665 /* ColoredPokenmonsServiceServiceTests_EndToEndTests.swift */; };
		D154D4362B62C5430019A665 /* PokemonsRepository.swift in Sources */ = {isa = PBXBuildFile; fileRef = D154D4352B62C5430019A665 /* PokemonsRepository.swift */; };
		D154D4392B62C78F0019A665 /* PokemonsUseCase.swift in Sources */ = {isa = PBXBuildFile; fileRef = D154D4382B62C78F0019A665 /* PokemonsUseCase.swift */; };
		D154D43C2B62CA1B0019A665 /* PokemonsViewModel.swift in Sources */ = {isa = PBXBuildFile; fileRef = D154D43B2B62CA1B0019A665 /* PokemonsViewModel.swift */; };
		D154D43F2B62CE090019A665 /* PokemonsViewController.swift in Sources */ = {isa = PBXBuildFile; fileRef = D154D43E2B62CE090019A665 /* PokemonsViewController.swift */; };
		D154D4422B62CF170019A665 /* PokemonsCoordinator.swift in Sources */ = {isa = PBXBuildFile; fileRef = D154D4412B62CF170019A665 /* PokemonsCoordinator.swift */; };
		D154D4442B6370C00019A665 /* MainQueueDispatcherDecorator+ColoredPokemonsUseCase.swift in Sources */ = {isa = PBXBuildFile; fileRef = D154D4432B6370C00019A665 /* MainQueueDispatcherDecorator+ColoredPokemonsUseCase.swift */; };
		D154D4462B6378ED0019A665 /* PokemonViewController.swift in Sources */ = {isa = PBXBuildFile; fileRef = D154D4452B6378ED0019A665 /* PokemonViewController.swift */; };
		D154D4482B63A6100019A665 /* PokemonDTO.swift in Sources */ = {isa = PBXBuildFile; fileRef = D154D4472B63A6100019A665 /* PokemonDTO.swift */; };
		D154D44A2B63ABB40019A665 /* PokemonDomainModel.swift in Sources */ = {isa = PBXBuildFile; fileRef = D154D4492B63ABB40019A665 /* PokemonDomainModel.swift */; };
		D154D4502B63AF020019A665 /* PokemonViewModel.swift in Sources */ = {isa = PBXBuildFile; fileRef = D154D44F2B63AF020019A665 /* PokemonViewModel.swift */; };
		D15556112B6A347B006370B8 /* PokemonActorCodableStoreService.swift in Sources */ = {isa = PBXBuildFile; fileRef = D15556102B6A347B006370B8 /* PokemonActorCodableStoreService.swift */; };
		D15556142B6A38EB006370B8 /* JsonDecoder+jsonToCodable.swift in Sources */ = {isa = PBXBuildFile; fileRef = D15556132B6A38EA006370B8 /* JsonDecoder+jsonToCodable.swift */; };
		D15556162B6A3E5E006370B8 /* JsonEncoder+codableToJson.swift in Sources */ = {isa = PBXBuildFile; fileRef = D15556152B6A3E5E006370B8 /* JsonEncoder+codableToJson.swift */; };
		D15556182B6AA84C006370B8 /* PokemonActorCodableImageStoreService.swift in Sources */ = {isa = PBXBuildFile; fileRef = D15556172B6AA84C006370B8 /* PokemonActorCodableImageStoreService.swift */; };
		D155561A2B6AA9D3006370B8 /* PokemonCacheStoreServiceError.swift in Sources */ = {isa = PBXBuildFile; fileRef = D15556192B6AA9D3006370B8 /* PokemonCacheStoreServiceError.swift */; };
		D155561C2B6AA9EC006370B8 /* PokemonNetworkServiceError.swift in Sources */ = {isa = PBXBuildFile; fileRef = D155561B2B6AA9EC006370B8 /* PokemonNetworkServiceError.swift */; };
		D155561F2B6B57F3006370B8 /* PokemonsActorCodableStoreService.swift in Sources */ = {isa = PBXBuildFile; fileRef = D155561E2B6B57F3006370B8 /* PokemonsActorCodableStoreService.swift */; };
		D17E2D612BDC1AD3000DED6A /* PropertyView.swift in Sources */ = {isa = PBXBuildFile; fileRef = D17E2D602BDC1AD3000DED6A /* PropertyView.swift */; };
		D1B2A1222B64282A0008B380 /* SVGKit in Frameworks */ = {isa = PBXBuildFile; productRef = D1B2A1212B64282A0008B380 /* SVGKit */; };
		D1B2A1242B64282A0008B380 /* SVGKitSwift in Frameworks */ = {isa = PBXBuildFile; productRef = D1B2A1232B64282A0008B380 /* SVGKitSwift */; };
		D1CBD52C2BD18D62007EE519 /* Array+Extension.swift in Sources */ = {isa = PBXBuildFile; fileRef = D1CBD52B2BD18D62007EE519 /* Array+Extension.swift */; };
		D1CBD5322BD246A3007EE519 /* AnimatedGridCardFlowLayout.swift in Sources */ = {isa = PBXBuildFile; fileRef = D1CBD5312BD246A3007EE519 /* AnimatedGridCardFlowLayout.swift */; };
		D1CBD5342BD246C7007EE519 /* PokemonCardDetailViewController.swift in Sources */ = {isa = PBXBuildFile; fileRef = D1CBD5332BD246C7007EE519 /* PokemonCardDetailViewController.swift */; };
		D1CBD5362BD24758007EE519 /* PokeCardDetailCell.swift in Sources */ = {isa = PBXBuildFile; fileRef = D1CBD5352BD24758007EE519 /* PokeCardDetailCell.swift */; };
		D1CBD5382BD24FF3007EE519 /* PokeCardDetailUseCase.swift in Sources */ = {isa = PBXBuildFile; fileRef = D1CBD5372BD24FF3007EE519 /* PokeCardDetailUseCase.swift */; };
		D1CBD53A2BD25668007EE519 /* PokeCardDetailViewModel.swift in Sources */ = {isa = PBXBuildFile; fileRef = D1CBD5392BD25668007EE519 /* PokeCardDetailViewModel.swift */; };
		D1E0584B2BCF9683006F965F /* AllPokemonCardsViewModel.swift in Sources */ = {isa = PBXBuildFile; fileRef = D1E0584A2BCF9683006F965F /* AllPokemonCardsViewModel.swift */; };
		D1E0585D2BCFFC7B006F965F /* AllPokemonCardStyleUseCase.swift in Sources */ = {isa = PBXBuildFile; fileRef = D1E0585C2BCFFC7B006F965F /* AllPokemonCardStyleUseCase.swift */; };
		D1E058632BD00C24006F965F /* PokeCellModel.swift in Sources */ = {isa = PBXBuildFile; fileRef = D1E058622BD00C24006F965F /* PokeCellModel.swift */; };
		D1E058672BD00E4C006F965F /* AllPokemonCardsViewController.swift in Sources */ = {isa = PBXBuildFile; fileRef = D1E058662BD00E4C006F965F /* AllPokemonCardsViewController.swift */; };
		D1E058692BD00F39006F965F /* PokemonCardCell.swift in Sources */ = {isa = PBXBuildFile; fileRef = D1E058682BD00F39006F965F /* PokemonCardCell.swift */; };
		D1E0586B2BD00FB0006F965F /* UIImage+Extension.swift in Sources */ = {isa = PBXBuildFile; fileRef = D1E0586A2BD00FB0006F965F /* UIImage+Extension.swift */; };
/* End PBXBuildFile section */

/* Begin PBXContainerItemProxy section */
		D154D3FC2B623AB30019A665 /* PBXContainerItemProxy */ = {
			isa = PBXContainerItemProxy;
			containerPortal = D154D3DD2B623AAF0019A665 /* Project object */;
			proxyType = 1;
			remoteGlobalIDString = D154D3E42B623AAF0019A665;
			remoteInfo = RHPokemonDemoApp;
		};
		D154D4062B623AB30019A665 /* PBXContainerItemProxy */ = {
			isa = PBXContainerItemProxy;
			containerPortal = D154D3DD2B623AAF0019A665 /* Project object */;
			proxyType = 1;
			remoteGlobalIDString = D154D3E42B623AAF0019A665;
			remoteInfo = RHPokemonDemoApp;
		};
/* End PBXContainerItemProxy section */

/* Begin PBXFileReference section */
		D11095E72B657AB100AF81BF /* PokemonsCodableStoreService.swift */ = {isa = PBXFileReference; lastKnownFileType = sourcecode.swift; path = PokemonsCodableStoreService.swift; sourceTree = "<group>"; };
		D12800642C182282005F0902 /* FavoritePokemonDTO.swift */ = {isa = PBXFileReference; lastKnownFileType = sourcecode.swift; path = FavoritePokemonDTO.swift; sourceTree = "<group>"; };
		D12800662C182304005F0902 /* FavoritePokemonsStoreService.swift */ = {isa = PBXFileReference; lastKnownFileType = sourcecode.swift; path = FavoritePokemonsStoreService.swift; sourceTree = "<group>"; };
		D12800682C182946005F0902 /* FavoritePokemonsDomainModel.swift */ = {isa = PBXFileReference; lastKnownFileType = sourcecode.swift; path = FavoritePokemonsDomainModel.swift; sourceTree = "<group>"; };
		D128006A2C182EDE005F0902 /* FavoritePokemonsRepository.swift */ = {isa = PBXFileReference; lastKnownFileType = sourcecode.swift; path = FavoritePokemonsRepository.swift; sourceTree = "<group>"; };
		D154D3E52B623AAF0019A665 /* RHPokemonDemoApp.app */ = {isa = PBXFileReference; explicitFileType = wrapper.application; includeInIndex = 0; path = RHPokemonDemoApp.app; sourceTree = BUILT_PRODUCTS_DIR; };
		D154D3E82B623AAF0019A665 /* AppDelegate.swift */ = {isa = PBXFileReference; lastKnownFileType = sourcecode.swift; path = AppDelegate.swift; sourceTree = "<group>"; };
		D154D3EA2B623AAF0019A665 /* SceneDelegate.swift */ = {isa = PBXFileReference; lastKnownFileType = sourcecode.swift; path = SceneDelegate.swift; sourceTree = "<group>"; };
		D154D3F12B623AB20019A665 /* Assets.xcassets */ = {isa = PBXFileReference; lastKnownFileType = folder.assetcatalog; path = Assets.xcassets; sourceTree = "<group>"; };
		D154D3F42B623AB20019A665 /* Base */ = {isa = PBXFileReference; lastKnownFileType = file.storyboard; name = Base; path = Base.lproj/LaunchScreen.storyboard; sourceTree = "<group>"; };
		D154D3F62B623AB20019A665 /* Info.plist */ = {isa = PBXFileReference; lastKnownFileType = text.plist.xml; path = Info.plist; sourceTree = "<group>"; };
		D154D3FB2B623AB30019A665 /* RHPokemonDemoAppTests.xctest */ = {isa = PBXFileReference; explicitFileType = wrapper.cfbundle; includeInIndex = 0; path = RHPokemonDemoAppTests.xctest; sourceTree = BUILT_PRODUCTS_DIR; };
		D154D3FF2B623AB30019A665 /* RHPokemonDemoAppTests.swift */ = {isa = PBXFileReference; lastKnownFileType = sourcecode.swift; path = RHPokemonDemoAppTests.swift; sourceTree = "<group>"; };
		D154D4052B623AB30019A665 /* RHPokemonDemoAppUITests.xctest */ = {isa = PBXFileReference; explicitFileType = wrapper.cfbundle; includeInIndex = 0; path = RHPokemonDemoAppUITests.xctest; sourceTree = BUILT_PRODUCTS_DIR; };
		D154D4092B623AB30019A665 /* RHPokemonDemoAppUITests.swift */ = {isa = PBXFileReference; lastKnownFileType = sourcecode.swift; path = RHPokemonDemoAppUITests.swift; sourceTree = "<group>"; };
		D154D40B2B623AB30019A665 /* RHPokemonDemoAppUITestsLaunchTests.swift */ = {isa = PBXFileReference; lastKnownFileType = sourcecode.swift; path = RHPokemonDemoAppUITestsLaunchTests.swift; sourceTree = "<group>"; };
		D154D4242B6257A50019A665 /* PokemonsNetworkRemoteService.swift */ = {isa = PBXFileReference; lastKnownFileType = sourcecode.swift; path = PokemonsNetworkRemoteService.swift; sourceTree = "<group>"; };
		D154D4272B6258730019A665 /* PokemonsDTO.swift */ = {isa = PBXFileReference; lastKnownFileType = sourcecode.swift; path = PokemonsDTO.swift; sourceTree = "<group>"; };
		D154D4292B62588D0019A665 /* PokemonsDomainModel.swift */ = {isa = PBXFileReference; lastKnownFileType = sourcecode.swift; path = PokemonsDomainModel.swift; sourceTree = "<group>"; };
		D154D4322B62C0D60019A665 /* ColoredPokenmonsServiceServiceTests_EndToEndTests.swift */ = {isa = PBXFileReference; lastKnownFileType = sourcecode.swift; path = ColoredPokenmonsServiceServiceTests_EndToEndTests.swift; sourceTree = "<group>"; };
		D154D4352B62C5430019A665 /* PokemonsRepository.swift */ = {isa = PBXFileReference; lastKnownFileType = sourcecode.swift; path = PokemonsRepository.swift; sourceTree = "<group>"; };
		D154D4382B62C78F0019A665 /* PokemonsUseCase.swift */ = {isa = PBXFileReference; lastKnownFileType = sourcecode.swift; path = PokemonsUseCase.swift; sourceTree = "<group>"; };
		D154D43B2B62CA1B0019A665 /* PokemonsViewModel.swift */ = {isa = PBXFileReference; lastKnownFileType = sourcecode.swift; path = PokemonsViewModel.swift; sourceTree = "<group>"; };
		D154D43E2B62CE090019A665 /* PokemonsViewController.swift */ = {isa = PBXFileReference; lastKnownFileType = sourcecode.swift; path = PokemonsViewController.swift; sourceTree = "<group>"; };
		D154D4412B62CF170019A665 /* PokemonsCoordinator.swift */ = {isa = PBXFileReference; lastKnownFileType = sourcecode.swift; path = PokemonsCoordinator.swift; sourceTree = "<group>"; };
		D154D4432B6370C00019A665 /* MainQueueDispatcherDecorator+ColoredPokemonsUseCase.swift */ = {isa = PBXFileReference; lastKnownFileType = sourcecode.swift; path = "MainQueueDispatcherDecorator+ColoredPokemonsUseCase.swift"; sourceTree = "<group>"; };
		D154D4452B6378ED0019A665 /* PokemonViewController.swift */ = {isa = PBXFileReference; lastKnownFileType = sourcecode.swift; path = PokemonViewController.swift; sourceTree = "<group>"; };
		D154D4472B63A6100019A665 /* PokemonDTO.swift */ = {isa = PBXFileReference; lastKnownFileType = sourcecode.swift; path = PokemonDTO.swift; sourceTree = "<group>"; };
		D154D4492B63ABB40019A665 /* PokemonDomainModel.swift */ = {isa = PBXFileReference; lastKnownFileType = sourcecode.swift; path = PokemonDomainModel.swift; sourceTree = "<group>"; };
		D154D44F2B63AF020019A665 /* PokemonViewModel.swift */ = {isa = PBXFileReference; lastKnownFileType = sourcecode.swift; path = PokemonViewModel.swift; sourceTree = "<group>"; };
		D15556102B6A347B006370B8 /* PokemonActorCodableStoreService.swift */ = {isa = PBXFileReference; lastKnownFileType = sourcecode.swift; path = PokemonActorCodableStoreService.swift; sourceTree = "<group>"; };
		D15556132B6A38EA006370B8 /* JsonDecoder+jsonToCodable.swift */ = {isa = PBXFileReference; lastKnownFileType = sourcecode.swift; path = "JsonDecoder+jsonToCodable.swift"; sourceTree = "<group>"; };
		D15556152B6A3E5E006370B8 /* JsonEncoder+codableToJson.swift */ = {isa = PBXFileReference; lastKnownFileType = sourcecode.swift; path = "JsonEncoder+codableToJson.swift"; sourceTree = "<group>"; };
		D15556172B6AA84C006370B8 /* PokemonActorCodableImageStoreService.swift */ = {isa = PBXFileReference; lastKnownFileType = sourcecode.swift; path = PokemonActorCodableImageStoreService.swift; sourceTree = "<group>"; };
		D15556192B6AA9D3006370B8 /* PokemonCacheStoreServiceError.swift */ = {isa = PBXFileReference; lastKnownFileType = sourcecode.swift; path = PokemonCacheStoreServiceError.swift; sourceTree = "<group>"; };
		D155561B2B6AA9EC006370B8 /* PokemonNetworkServiceError.swift */ = {isa = PBXFileReference; lastKnownFileType = sourcecode.swift; path = PokemonNetworkServiceError.swift; sourceTree = "<group>"; };
		D155561E2B6B57F3006370B8 /* PokemonsActorCodableStoreService.swift */ = {isa = PBXFileReference; lastKnownFileType = sourcecode.swift; path = PokemonsActorCodableStoreService.swift; sourceTree = "<group>"; };
		D17E2D602BDC1AD3000DED6A /* PropertyView.swift */ = {isa = PBXFileReference; lastKnownFileType = sourcecode.swift; path = PropertyView.swift; sourceTree = "<group>"; };
		D1CBD52B2BD18D62007EE519 /* Array+Extension.swift */ = {isa = PBXFileReference; lastKnownFileType = sourcecode.swift; path = "Array+Extension.swift"; sourceTree = "<group>"; };
		D1CBD5312BD246A3007EE519 /* AnimatedGridCardFlowLayout.swift */ = {isa = PBXFileReference; lastKnownFileType = sourcecode.swift; path = AnimatedGridCardFlowLayout.swift; sourceTree = "<group>"; };
		D1CBD5332BD246C7007EE519 /* PokemonCardDetailViewController.swift */ = {isa = PBXFileReference; lastKnownFileType = sourcecode.swift; path = PokemonCardDetailViewController.swift; sourceTree = "<group>"; };
		D1CBD5352BD24758007EE519 /* PokeCardDetailCell.swift */ = {isa = PBXFileReference; lastKnownFileType = sourcecode.swift; path = PokeCardDetailCell.swift; sourceTree = "<group>"; };
		D1CBD5372BD24FF3007EE519 /* PokeCardDetailUseCase.swift */ = {isa = PBXFileReference; lastKnownFileType = sourcecode.swift; path = PokeCardDetailUseCase.swift; sourceTree = "<group>"; };
		D1CBD5392BD25668007EE519 /* PokeCardDetailViewModel.swift */ = {isa = PBXFileReference; lastKnownFileType = sourcecode.swift; path = PokeCardDetailViewModel.swift; sourceTree = "<group>"; };
		D1E0584A2BCF9683006F965F /* AllPokemonCardsViewModel.swift */ = {isa = PBXFileReference; lastKnownFileType = sourcecode.swift; path = AllPokemonCardsViewModel.swift; sourceTree = "<group>"; };
		D1E0585C2BCFFC7B006F965F /* AllPokemonCardStyleUseCase.swift */ = {isa = PBXFileReference; lastKnownFileType = sourcecode.swift; path = AllPokemonCardStyleUseCase.swift; sourceTree = "<group>"; };
		D1E058622BD00C24006F965F /* PokeCellModel.swift */ = {isa = PBXFileReference; lastKnownFileType = sourcecode.swift; path = PokeCellModel.swift; sourceTree = "<group>"; };
		D1E058662BD00E4C006F965F /* AllPokemonCardsViewController.swift */ = {isa = PBXFileReference; lastKnownFileType = sourcecode.swift; path = AllPokemonCardsViewController.swift; sourceTree = "<group>"; };
		D1E058682BD00F39006F965F /* PokemonCardCell.swift */ = {isa = PBXFileReference; lastKnownFileType = sourcecode.swift; path = PokemonCardCell.swift; sourceTree = "<group>"; };
		D1E0586A2BD00FB0006F965F /* UIImage+Extension.swift */ = {isa = PBXFileReference; lastKnownFileType = sourcecode.swift; path = "UIImage+Extension.swift"; sourceTree = "<group>"; };
/* End PBXFileReference section */

/* Begin PBXFrameworksBuildPhase section */
		D154D3E22B623AAF0019A665 /* Frameworks */ = {
			isa = PBXFrameworksBuildPhase;
			buildActionMask = 2147483647;
			files = (
				D1B2A1242B64282A0008B380 /* SVGKitSwift in Frameworks */,
				D1B2A1222B64282A0008B380 /* SVGKit in Frameworks */,
				D154D41D2B6242B80019A665 /* RHInterface in Frameworks */,
				D11095E32B656BEA00AF81BF /* RHCacheStore in Frameworks */,
				D11095E62B6574F600AF81BF /* RHCacheStoreAPI in Frameworks */,
				D154D4232B6243BA0019A665 /* RHUIComponent in Frameworks */,
				D154D42F2B6262880019A665 /* RHNetworkAPI in Frameworks */,
				D154D4202B62437C0019A665 /* RHNetwork in Frameworks */,
			);
			runOnlyForDeploymentPostprocessing = 0;
		};
		D154D3F82B623AB30019A665 /* Frameworks */ = {
			isa = PBXFrameworksBuildPhase;
			buildActionMask = 2147483647;
			files = (
			);
			runOnlyForDeploymentPostprocessing = 0;
		};
		D154D4022B623AB30019A665 /* Frameworks */ = {
			isa = PBXFrameworksBuildPhase;
			buildActionMask = 2147483647;
			files = (
			);
			runOnlyForDeploymentPostprocessing = 0;
		};
/* End PBXFrameworksBuildPhase section */

/* Begin PBXGroup section */
		D128006D2C18301A005F0902 /* UseCases */ = {
			isa = PBXGroup;
			children = (
				D128006E2C18302E005F0902 /* PokeCardDetailUseCase */,
				D1E0585B2BCFFC54006F965F /* AllPokemonCardStyleUseCase */,
				D154D4372B62C7700019A665 /* PokemonsUseCase */,
			);
			path = UseCases;
			sourceTree = "<group>";
		};
		D128006E2C18302E005F0902 /* PokeCardDetailUseCase */ = {
			isa = PBXGroup;
			children = (
				D1CBD5372BD24FF3007EE519 /* PokeCardDetailUseCase.swift */,
			);
			path = PokeCardDetailUseCase;
			sourceTree = "<group>";
		};
		D154D3DC2B623AAF0019A665 = {
			isa = PBXGroup;
			children = (
				D154D3E72B623AAF0019A665 /* RHPokemonDemoApp */,
				D154D3FE2B623AB30019A665 /* RHPokemonDemoAppTests */,
				D154D4082B623AB30019A665 /* RHPokemonDemoAppUITests */,
				D154D3E62B623AAF0019A665 /* Products */,
				D1B2A1202B64282A0008B380 /* Frameworks */,
			);
			sourceTree = "<group>";
		};
		D154D3E62B623AAF0019A665 /* Products */ = {
			isa = PBXGroup;
			children = (
				D154D3E52B623AAF0019A665 /* RHPokemonDemoApp.app */,
				D154D3FB2B623AB30019A665 /* RHPokemonDemoAppTests.xctest */,
				D154D4052B623AB30019A665 /* RHPokemonDemoAppUITests.xctest */,
			);
			name = Products;
			sourceTree = "<group>";
		};
		D154D3E72B623AAF0019A665 /* RHPokemonDemoApp */ = {
			isa = PBXGroup;
			children = (
				D154D3E82B623AAF0019A665 /* AppDelegate.swift */,
				D154D3EA2B623AAF0019A665 /* SceneDelegate.swift */,
				D154D4402B62CEF90019A665 /* PokemonsCoordinator */,
				D1CBD5302BD2467A007EE519 /* PokemonCardDetailPage */,
				D1E058492BCF9669006F965F /* AllPokemonCardStylePage */,
				D1895EC92B67538A0018DD4A /* AllPokemonsPage */,
				D1895ECA2B67539B0018DD4A /* PokemonPage */,
				D128006D2C18301A005F0902 /* UseCases */,
				D154D4342B62C50C0019A665 /* Repository */,
				D154D4262B6257BF0019A665 /* Service */,
				D154D3F12B623AB20019A665 /* Assets.xcassets */,
				D15556122B6A38B5006370B8 /* Utils */,
				D154D3F32B623AB20019A665 /* LaunchScreen.storyboard */,
				D154D3F62B623AB20019A665 /* Info.plist */,
			);
			path = RHPokemonDemoApp;
			sourceTree = "<group>";
		};
		D154D3FE2B623AB30019A665 /* RHPokemonDemoAppTests */ = {
			isa = PBXGroup;
			children = (
				D154D3FF2B623AB30019A665 /* RHPokemonDemoAppTests.swift */,
				D154D4322B62C0D60019A665 /* ColoredPokenmonsServiceServiceTests_EndToEndTests.swift */,
			);
			path = RHPokemonDemoAppTests;
			sourceTree = "<group>";
		};
		D154D4082B623AB30019A665 /* RHPokemonDemoAppUITests */ = {
			isa = PBXGroup;
			children = (
				D154D4092B623AB30019A665 /* RHPokemonDemoAppUITests.swift */,
				D154D40B2B623AB30019A665 /* RHPokemonDemoAppUITestsLaunchTests.swift */,
			);
			path = RHPokemonDemoAppUITests;
			sourceTree = "<group>";
		};
		D154D4262B6257BF0019A665 /* Service */ = {
			isa = PBXGroup;
			children = (
				D1E058602BCFFFEE006F965F /* Model */,
				D155561D2B6B55E0006370B8 /* ServiceError */,
				D1E0585F2BCFFFE5006F965F /* Network */,
				D1E0585E2BCFFFDF006F965F /* Store */,
			);
			path = Service;
			sourceTree = "<group>";
		};
		D154D4342B62C50C0019A665 /* Repository */ = {
			isa = PBXGroup;
			children = (
				D1E058612BD0002D006F965F /* Model */,
				D154D4352B62C5430019A665 /* PokemonsRepository.swift */,
				D128006A2C182EDE005F0902 /* FavoritePokemonsRepository.swift */,
			);
			path = Repository;
			sourceTree = "<group>";
		};
		D154D4372B62C7700019A665 /* PokemonsUseCase */ = {
			isa = PBXGroup;
			children = (
				D154D4382B62C78F0019A665 /* PokemonsUseCase.swift */,
				D154D4432B6370C00019A665 /* MainQueueDispatcherDecorator+ColoredPokemonsUseCase.swift */,
			);
			path = PokemonsUseCase;
			sourceTree = "<group>";
		};
		D154D43A2B62C9F40019A665 /* ViewModel */ = {
			isa = PBXGroup;
			children = (
				D154D43B2B62CA1B0019A665 /* PokemonsViewModel.swift */,
			);
			path = ViewModel;
			sourceTree = "<group>";
		};
		D154D43D2B62CDE80019A665 /* ViewController */ = {
			isa = PBXGroup;
			children = (
				D154D43E2B62CE090019A665 /* PokemonsViewController.swift */,
			);
			path = ViewController;
			sourceTree = "<group>";
		};
		D154D4402B62CEF90019A665 /* PokemonsCoordinator */ = {
			isa = PBXGroup;
			children = (
				D154D4412B62CF170019A665 /* PokemonsCoordinator.swift */,
			);
			path = PokemonsCoordinator;
			sourceTree = "<group>";
		};
		D15556122B6A38B5006370B8 /* Utils */ = {
			isa = PBXGroup;
			children = (
				D15556132B6A38EA006370B8 /* JsonDecoder+jsonToCodable.swift */,
				D15556152B6A3E5E006370B8 /* JsonEncoder+codableToJson.swift */,
				D1E0586A2BD00FB0006F965F /* UIImage+Extension.swift */,
				D1CBD52B2BD18D62007EE519 /* Array+Extension.swift */,
			);
			path = Utils;
			sourceTree = "<group>";
		};
		D155561D2B6B55E0006370B8 /* ServiceError */ = {
			isa = PBXGroup;
			children = (
				D15556192B6AA9D3006370B8 /* PokemonCacheStoreServiceError.swift */,
				D155561B2B6AA9EC006370B8 /* PokemonNetworkServiceError.swift */,
			);
			path = ServiceError;
			sourceTree = "<group>";
		};
		D1895EC92B67538A0018DD4A /* AllPokemonsPage */ = {
			isa = PBXGroup;
			children = (
				D154D43D2B62CDE80019A665 /* ViewController */,
				D154D43A2B62C9F40019A665 /* ViewModel */,
			);
			path = AllPokemonsPage;
			sourceTree = "<group>";
		};
		D1895ECA2B67539B0018DD4A /* PokemonPage */ = {
			isa = PBXGroup;
			children = (
				D1895ECB2B6753A60018DD4A /* ViewController */,
				D1895ECC2B6753B20018DD4A /* ViewModel */,
			);
			path = PokemonPage;
			sourceTree = "<group>";
		};
		D1895ECB2B6753A60018DD4A /* ViewController */ = {
			isa = PBXGroup;
			children = (
				D154D4452B6378ED0019A665 /* PokemonViewController.swift */,
			);
			path = ViewController;
			sourceTree = "<group>";
		};
		D1895ECC2B6753B20018DD4A /* ViewModel */ = {
			isa = PBXGroup;
			children = (
				D154D44F2B63AF020019A665 /* PokemonViewModel.swift */,
			);
			path = ViewModel;
			sourceTree = "<group>";
		};
		D1B2A1202B64282A0008B380 /* Frameworks */ = {
			isa = PBXGroup;
			children = (
			);
			name = Frameworks;
			sourceTree = "<group>";
		};
		D1CBD5302BD2467A007EE519 /* PokemonCardDetailPage */ = {
			isa = PBXGroup;
			children = (
				D1CBD5312BD246A3007EE519 /* AnimatedGridCardFlowLayout.swift */,
				D1CBD5392BD25668007EE519 /* PokeCardDetailViewModel.swift */,
				D1CBD5332BD246C7007EE519 /* PokemonCardDetailViewController.swift */,
				D17E2D602BDC1AD3000DED6A /* PropertyView.swift */,
				D1CBD5352BD24758007EE519 /* PokeCardDetailCell.swift */,
			);
			path = PokemonCardDetailPage;
			sourceTree = "<group>";
		};
		D1E058492BCF9669006F965F /* AllPokemonCardStylePage */ = {
			isa = PBXGroup;
			children = (
				D1E058652BD00E34006F965F /* AllPokemonCardsViewController */,
				D1E058642BD00E26006F965F /* AllPokemonCardsViewModel */,
				D1E058622BD00C24006F965F /* PokeCellModel.swift */,
			);
			path = AllPokemonCardStylePage;
			sourceTree = "<group>";
		};
		D1E0585B2BCFFC54006F965F /* AllPokemonCardStyleUseCase */ = {
			isa = PBXGroup;
			children = (
				D1E0585C2BCFFC7B006F965F /* AllPokemonCardStyleUseCase.swift */,
			);
			path = AllPokemonCardStyleUseCase;
			sourceTree = "<group>";
		};
		D1E0585E2BCFFFDF006F965F /* Store */ = {
			isa = PBXGroup;
			children = (
				D11095E72B657AB100AF81BF /* PokemonsCodableStoreService.swift */,
				D12800662C182304005F0902 /* FavoritePokemonsStoreService.swift */,
				D155561E2B6B57F3006370B8 /* PokemonsActorCodableStoreService.swift */,
				D15556102B6A347B006370B8 /* PokemonActorCodableStoreService.swift */,
				D15556172B6AA84C006370B8 /* PokemonActorCodableImageStoreService.swift */,
			);
			path = Store;
			sourceTree = "<group>";
		};
		D1E0585F2BCFFFE5006F965F /* Network */ = {
			isa = PBXGroup;
			children = (
				D154D4242B6257A50019A665 /* PokemonsNetworkRemoteService.swift */,
			);
			path = Network;
			sourceTree = "<group>";
		};
		D1E058602BCFFFEE006F965F /* Model */ = {
			isa = PBXGroup;
			children = (
				D154D4272B6258730019A665 /* PokemonsDTO.swift */,
				D154D4472B63A6100019A665 /* PokemonDTO.swift */,
				D12800642C182282005F0902 /* FavoritePokemonDTO.swift */,
			);
			path = Model;
			sourceTree = "<group>";
		};
		D1E058612BD0002D006F965F /* Model */ = {
			isa = PBXGroup;
			children = (
				D154D4292B62588D0019A665 /* PokemonsDomainModel.swift */,
				D154D4492B63ABB40019A665 /* PokemonDomainModel.swift */,
				D12800682C182946005F0902 /* FavoritePokemonsDomainModel.swift */,
			);
			path = Model;
			sourceTree = "<group>";
		};
		D1E058642BD00E26006F965F /* AllPokemonCardsViewModel */ = {
			isa = PBXGroup;
			children = (
				D1E0584A2BCF9683006F965F /* AllPokemonCardsViewModel.swift */,
			);
			path = AllPokemonCardsViewModel;
			sourceTree = "<group>";
		};
		D1E058652BD00E34006F965F /* AllPokemonCardsViewController */ = {
			isa = PBXGroup;
			children = (
				D1E058662BD00E4C006F965F /* AllPokemonCardsViewController.swift */,
				D1E058682BD00F39006F965F /* PokemonCardCell.swift */,
			);
			path = AllPokemonCardsViewController;
			sourceTree = "<group>";
		};
/* End PBXGroup section */

/* Begin PBXNativeTarget section */
		D154D3E42B623AAF0019A665 /* RHPokemonDemoApp */ = {
			isa = PBXNativeTarget;
			buildConfigurationList = D154D40F2B623AB30019A665 /* Build configuration list for PBXNativeTarget "RHPokemonDemoApp" */;
			buildPhases = (
				D154D3E12B623AAF0019A665 /* Sources */,
				D154D3E22B623AAF0019A665 /* Frameworks */,
				D154D3E32B623AAF0019A665 /* Resources */,
			);
			buildRules = (
			);
			dependencies = (
			);
			name = RHPokemonDemoApp;
			packageProductDependencies = (
				D154D41C2B6242B80019A665 /* RHInterface */,
				D154D41F2B62437C0019A665 /* RHNetwork */,
				D154D4222B6243BA0019A665 /* RHUIComponent */,
				D154D42E2B6262880019A665 /* RHNetworkAPI */,
				D1B2A1212B64282A0008B380 /* SVGKit */,
				D1B2A1232B64282A0008B380 /* SVGKitSwift */,
				D11095E22B656BEA00AF81BF /* RHCacheStore */,
				D11095E52B6574F600AF81BF /* RHCacheStoreAPI */,
			);
			productName = RHPokemonDemoApp;
			productReference = D154D3E52B623AAF0019A665 /* RHPokemonDemoApp.app */;
			productType = "com.apple.product-type.application";
		};
		D154D3FA2B623AB30019A665 /* RHPokemonDemoAppTests */ = {
			isa = PBXNativeTarget;
			buildConfigurationList = D154D4122B623AB30019A665 /* Build configuration list for PBXNativeTarget "RHPokemonDemoAppTests" */;
			buildPhases = (
				D154D3F72B623AB30019A665 /* Sources */,
				D154D3F82B623AB30019A665 /* Frameworks */,
				D154D3F92B623AB30019A665 /* Resources */,
			);
			buildRules = (
			);
			dependencies = (
				D154D3FD2B623AB30019A665 /* PBXTargetDependency */,
			);
			name = RHPokemonDemoAppTests;
			productName = RHPokemonDemoAppTests;
			productReference = D154D3FB2B623AB30019A665 /* RHPokemonDemoAppTests.xctest */;
			productType = "com.apple.product-type.bundle.unit-test";
		};
		D154D4042B623AB30019A665 /* RHPokemonDemoAppUITests */ = {
			isa = PBXNativeTarget;
			buildConfigurationList = D154D4152B623AB30019A665 /* Build configuration list for PBXNativeTarget "RHPokemonDemoAppUITests" */;
			buildPhases = (
				D154D4012B623AB30019A665 /* Sources */,
				D154D4022B623AB30019A665 /* Frameworks */,
				D154D4032B623AB30019A665 /* Resources */,
			);
			buildRules = (
			);
			dependencies = (
				D154D4072B623AB30019A665 /* PBXTargetDependency */,
			);
			name = RHPokemonDemoAppUITests;
			productName = RHPokemonDemoAppUITests;
			productReference = D154D4052B623AB30019A665 /* RHPokemonDemoAppUITests.xctest */;
			productType = "com.apple.product-type.bundle.ui-testing";
		};
/* End PBXNativeTarget section */

/* Begin PBXProject section */
		D154D3DD2B623AAF0019A665 /* Project object */ = {
			isa = PBXProject;
			attributes = {
				BuildIndependentTargetsInParallel = 1;
				LastSwiftUpdateCheck = 1500;
				LastUpgradeCheck = 1500;
				TargetAttributes = {
					D154D3E42B623AAF0019A665 = {
						CreatedOnToolsVersion = 15.0.1;
					};
					D154D3FA2B623AB30019A665 = {
						CreatedOnToolsVersion = 15.0.1;
						TestTargetID = D154D3E42B623AAF0019A665;
					};
					D154D4042B623AB30019A665 = {
						CreatedOnToolsVersion = 15.0.1;
						TestTargetID = D154D3E42B623AAF0019A665;
					};
				};
			};
			buildConfigurationList = D154D3E02B623AAF0019A665 /* Build configuration list for PBXProject "RHPokemonDemoApp" */;
			compatibilityVersion = "Xcode 14.0";
			developmentRegion = en;
			hasScannedForEncodings = 0;
			knownRegions = (
				en,
				Base,
			);
			mainGroup = D154D3DC2B623AAF0019A665;
			packageReferences = (
				D154D41A2B6242A80019A665 /* XCRemoteSwiftPackageReference "SnapKit" */,
				D154D41B2B6242B80019A665 /* XCRemoteSwiftPackageReference "RHInterface" */,
				D154D41E2B62437C0019A665 /* XCRemoteSwiftPackageReference "RHNetwork" */,
				D154D4212B6243BA0019A665 /* XCRemoteSwiftPackageReference "RHUIComponent" */,
				D154D42D2B6262880019A665 /* XCRemoteSwiftPackageReference "RHNetworkAPI" */,
				D1B2A11F2B6427F00008B380 /* XCRemoteSwiftPackageReference "SVGKit" */,
				D11095E12B656BEA00AF81BF /* XCRemoteSwiftPackageReference "RHCacheStore" */,
				D11095E42B6574F600AF81BF /* XCRemoteSwiftPackageReference "RHCacheStoreAPI" */,
			);
			productRefGroup = D154D3E62B623AAF0019A665 /* Products */;
			projectDirPath = "";
			projectRoot = "";
			targets = (
				D154D3E42B623AAF0019A665 /* RHPokemonDemoApp */,
				D154D3FA2B623AB30019A665 /* RHPokemonDemoAppTests */,
				D154D4042B623AB30019A665 /* RHPokemonDemoAppUITests */,
			);
		};
/* End PBXProject section */

/* Begin PBXResourcesBuildPhase section */
		D154D3E32B623AAF0019A665 /* Resources */ = {
			isa = PBXResourcesBuildPhase;
			buildActionMask = 2147483647;
			files = (
				D154D3F52B623AB20019A665 /* LaunchScreen.storyboard in Resources */,
				D154D3F22B623AB20019A665 /* Assets.xcassets in Resources */,
			);
			runOnlyForDeploymentPostprocessing = 0;
		};
		D154D3F92B623AB30019A665 /* Resources */ = {
			isa = PBXResourcesBuildPhase;
			buildActionMask = 2147483647;
			files = (
			);
			runOnlyForDeploymentPostprocessing = 0;
		};
		D154D4032B623AB30019A665 /* Resources */ = {
			isa = PBXResourcesBuildPhase;
			buildActionMask = 2147483647;
			files = (
			);
			runOnlyForDeploymentPostprocessing = 0;
		};
/* End PBXResourcesBuildPhase section */

/* Begin PBXSourcesBuildPhase section */
		D154D3E12B623AAF0019A665 /* Sources */ = {
			isa = PBXSourcesBuildPhase;
			buildActionMask = 2147483647;
			files = (
				D154D3E92B623AAF0019A665 /* AppDelegate.swift in Sources */,
				D155561F2B6B57F3006370B8 /* PokemonsActorCodableStoreService.swift in Sources */,
				D154D43F2B62CE090019A665 /* PokemonsViewController.swift in Sources */,
				D154D4462B6378ED0019A665 /* PokemonViewController.swift in Sources */,
				D1E0585D2BCFFC7B006F965F /* AllPokemonCardStyleUseCase.swift in Sources */,
				D1E058632BD00C24006F965F /* PokeCellModel.swift in Sources */,
				D1E0584B2BCF9683006F965F /* AllPokemonCardsViewModel.swift in Sources */,
				D15556162B6A3E5E006370B8 /* JsonEncoder+codableToJson.swift in Sources */,
				D1CBD53A2BD25668007EE519 /* PokeCardDetailViewModel.swift in Sources */,
				D154D4442B6370C00019A665 /* MainQueueDispatcherDecorator+ColoredPokemonsUseCase.swift in Sources */,
				D12800652C182282005F0902 /* FavoritePokemonDTO.swift in Sources */,
				D154D4422B62CF170019A665 /* PokemonsCoordinator.swift in Sources */,
				D155561C2B6AA9EC006370B8 /* PokemonNetworkServiceError.swift in Sources */,
				D15556142B6A38EB006370B8 /* JsonDecoder+jsonToCodable.swift in Sources */,
				D154D44A2B63ABB40019A665 /* PokemonDomainModel.swift in Sources */,
				D154D43C2B62CA1B0019A665 /* PokemonsViewModel.swift in Sources */,
				D154D3EB2B623AAF0019A665 /* SceneDelegate.swift in Sources */,
				D154D4362B62C5430019A665 /* PokemonsRepository.swift in Sources */,
				D12800692C182946005F0902 /* FavoritePokemonsDomainModel.swift in Sources */,
				D15556112B6A347B006370B8 /* PokemonActorCodableStoreService.swift in Sources */,
				D12800672C182304005F0902 /* FavoritePokemonsStoreService.swift in Sources */,
				D154D42A2B62588D0019A665 /* PokemonsDomainModel.swift in Sources */,
				D155561A2B6AA9D3006370B8 /* PokemonCacheStoreServiceError.swift in Sources */,
				D1CBD5382BD24FF3007EE519 /* PokeCardDetailUseCase.swift in Sources */,
				D1E058672BD00E4C006F965F /* AllPokemonCardsViewController.swift in Sources */,
				D154D4282B6258730019A665 /* PokemonsDTO.swift in Sources */,
				D1CBD52C2BD18D62007EE519 /* Array+Extension.swift in Sources */,
				D128006B2C182EDE005F0902 /* FavoritePokemonsRepository.swift in Sources */,
				D15556182B6AA84C006370B8 /* PokemonActorCodableImageStoreService.swift in Sources */,
				D1E0586B2BD00FB0006F965F /* UIImage+Extension.swift in Sources */,
				D154D4502B63AF020019A665 /* PokemonViewModel.swift in Sources */,
				D1CBD5342BD246C7007EE519 /* PokemonCardDetailViewController.swift in Sources */,
				D154D4252B6257A50019A665 /* PokemonsNetworkRemoteService.swift in Sources */,
				D1CBD5362BD24758007EE519 /* PokeCardDetailCell.swift in Sources */,
				D154D4482B63A6100019A665 /* PokemonDTO.swift in Sources */,
				D1CBD5322BD246A3007EE519 /* AnimatedGridCardFlowLayout.swift in Sources */,
				D154D4392B62C78F0019A665 /* PokemonsUseCase.swift in Sources */,
				D11095E82B657AB100AF81BF /* PokemonsCodableStoreService.swift in Sources */,
				D1E058692BD00F39006F965F /* PokemonCardCell.swift in Sources */,
				D17E2D612BDC1AD3000DED6A /* PropertyView.swift in Sources */,
			);
			runOnlyForDeploymentPostprocessing = 0;
		};
		D154D3F72B623AB30019A665 /* Sources */ = {
			isa = PBXSourcesBuildPhase;
			buildActionMask = 2147483647;
			files = (
				D154D4332B62C0D60019A665 /* ColoredPokenmonsServiceServiceTests_EndToEndTests.swift in Sources */,
				D154D4002B623AB30019A665 /* RHPokemonDemoAppTests.swift in Sources */,
			);
			runOnlyForDeploymentPostprocessing = 0;
		};
		D154D4012B623AB30019A665 /* Sources */ = {
			isa = PBXSourcesBuildPhase;
			buildActionMask = 2147483647;
			files = (
				D154D40A2B623AB30019A665 /* RHPokemonDemoAppUITests.swift in Sources */,
				D154D40C2B623AB30019A665 /* RHPokemonDemoAppUITestsLaunchTests.swift in Sources */,
			);
			runOnlyForDeploymentPostprocessing = 0;
		};
/* End PBXSourcesBuildPhase section */

/* Begin PBXTargetDependency section */
		D154D3FD2B623AB30019A665 /* PBXTargetDependency */ = {
			isa = PBXTargetDependency;
			target = D154D3E42B623AAF0019A665 /* RHPokemonDemoApp */;
			targetProxy = D154D3FC2B623AB30019A665 /* PBXContainerItemProxy */;
		};
		D154D4072B623AB30019A665 /* PBXTargetDependency */ = {
			isa = PBXTargetDependency;
			target = D154D3E42B623AAF0019A665 /* RHPokemonDemoApp */;
			targetProxy = D154D4062B623AB30019A665 /* PBXContainerItemProxy */;
		};
/* End PBXTargetDependency section */

/* Begin PBXVariantGroup section */
		D154D3F32B623AB20019A665 /* LaunchScreen.storyboard */ = {
			isa = PBXVariantGroup;
			children = (
				D154D3F42B623AB20019A665 /* Base */,
			);
			name = LaunchScreen.storyboard;
			sourceTree = "<group>";
		};
/* End PBXVariantGroup section */

/* Begin XCBuildConfiguration section */
		D154D40D2B623AB30019A665 /* Debug */ = {
			isa = XCBuildConfiguration;
			buildSettings = {
				ALWAYS_SEARCH_USER_PATHS = NO;
				ASSETCATALOG_COMPILER_GENERATE_SWIFT_ASSET_SYMBOL_EXTENSIONS = YES;
				CLANG_ANALYZER_NONNULL = YES;
				CLANG_ANALYZER_NUMBER_OBJECT_CONVERSION = YES_AGGRESSIVE;
				CLANG_CXX_LANGUAGE_STANDARD = "gnu++20";
				CLANG_ENABLE_MODULES = YES;
				CLANG_ENABLE_OBJC_ARC = YES;
				CLANG_ENABLE_OBJC_WEAK = YES;
				CLANG_WARN_BLOCK_CAPTURE_AUTORELEASING = YES;
				CLANG_WARN_BOOL_CONVERSION = YES;
				CLANG_WARN_COMMA = YES;
				CLANG_WARN_CONSTANT_CONVERSION = YES;
				CLANG_WARN_DEPRECATED_OBJC_IMPLEMENTATIONS = YES;
				CLANG_WARN_DIRECT_OBJC_ISA_USAGE = YES_ERROR;
				CLANG_WARN_DOCUMENTATION_COMMENTS = YES;
				CLANG_WARN_EMPTY_BODY = YES;
				CLANG_WARN_ENUM_CONVERSION = YES;
				CLANG_WARN_INFINITE_RECURSION = YES;
				CLANG_WARN_INT_CONVERSION = YES;
				CLANG_WARN_NON_LITERAL_NULL_CONVERSION = YES;
				CLANG_WARN_OBJC_IMPLICIT_RETAIN_SELF = YES;
				CLANG_WARN_OBJC_LITERAL_CONVERSION = YES;
				CLANG_WARN_OBJC_ROOT_CLASS = YES_ERROR;
				CLANG_WARN_QUOTED_INCLUDE_IN_FRAMEWORK_HEADER = YES;
				CLANG_WARN_RANGE_LOOP_ANALYSIS = YES;
				CLANG_WARN_STRICT_PROTOTYPES = YES;
				CLANG_WARN_SUSPICIOUS_MOVE = YES;
				CLANG_WARN_UNGUARDED_AVAILABILITY = YES_AGGRESSIVE;
				CLANG_WARN_UNREACHABLE_CODE = YES;
				CLANG_WARN__DUPLICATE_METHOD_MATCH = YES;
				COPY_PHASE_STRIP = NO;
				DEBUG_INFORMATION_FORMAT = dwarf;
				ENABLE_STRICT_OBJC_MSGSEND = YES;
				ENABLE_TESTABILITY = YES;
				ENABLE_USER_SCRIPT_SANDBOXING = YES;
				GCC_C_LANGUAGE_STANDARD = gnu17;
				GCC_DYNAMIC_NO_PIC = NO;
				GCC_NO_COMMON_BLOCKS = YES;
				GCC_OPTIMIZATION_LEVEL = 0;
				GCC_PREPROCESSOR_DEFINITIONS = (
					"DEBUG=1",
					"$(inherited)",
				);
				GCC_WARN_64_TO_32_BIT_CONVERSION = YES;
				GCC_WARN_ABOUT_RETURN_TYPE = YES_ERROR;
				GCC_WARN_UNDECLARED_SELECTOR = YES;
				GCC_WARN_UNINITIALIZED_AUTOS = YES_AGGRESSIVE;
				GCC_WARN_UNUSED_FUNCTION = YES;
				GCC_WARN_UNUSED_VARIABLE = YES;
				IPHONEOS_DEPLOYMENT_TARGET = 16.0;
				LOCALIZATION_PREFERS_STRING_CATALOGS = YES;
				MTL_ENABLE_DEBUG_INFO = INCLUDE_SOURCE;
				MTL_FAST_MATH = YES;
				ONLY_ACTIVE_ARCH = YES;
				SDKROOT = iphoneos;
				SWIFT_ACTIVE_COMPILATION_CONDITIONS = "DEBUG $(inherited)";
				SWIFT_OPTIMIZATION_LEVEL = "-Onone";
			};
			name = Debug;
		};
		D154D40E2B623AB30019A665 /* Release */ = {
			isa = XCBuildConfiguration;
			buildSettings = {
				ALWAYS_SEARCH_USER_PATHS = NO;
				ASSETCATALOG_COMPILER_GENERATE_SWIFT_ASSET_SYMBOL_EXTENSIONS = YES;
				CLANG_ANALYZER_NONNULL = YES;
				CLANG_ANALYZER_NUMBER_OBJECT_CONVERSION = YES_AGGRESSIVE;
				CLANG_CXX_LANGUAGE_STANDARD = "gnu++20";
				CLANG_ENABLE_MODULES = YES;
				CLANG_ENABLE_OBJC_ARC = YES;
				CLANG_ENABLE_OBJC_WEAK = YES;
				CLANG_WARN_BLOCK_CAPTURE_AUTORELEASING = YES;
				CLANG_WARN_BOOL_CONVERSION = YES;
				CLANG_WARN_COMMA = YES;
				CLANG_WARN_CONSTANT_CONVERSION = YES;
				CLANG_WARN_DEPRECATED_OBJC_IMPLEMENTATIONS = YES;
				CLANG_WARN_DIRECT_OBJC_ISA_USAGE = YES_ERROR;
				CLANG_WARN_DOCUMENTATION_COMMENTS = YES;
				CLANG_WARN_EMPTY_BODY = YES;
				CLANG_WARN_ENUM_CONVERSION = YES;
				CLANG_WARN_INFINITE_RECURSION = YES;
				CLANG_WARN_INT_CONVERSION = YES;
				CLANG_WARN_NON_LITERAL_NULL_CONVERSION = YES;
				CLANG_WARN_OBJC_IMPLICIT_RETAIN_SELF = YES;
				CLANG_WARN_OBJC_LITERAL_CONVERSION = YES;
				CLANG_WARN_OBJC_ROOT_CLASS = YES_ERROR;
				CLANG_WARN_QUOTED_INCLUDE_IN_FRAMEWORK_HEADER = YES;
				CLANG_WARN_RANGE_LOOP_ANALYSIS = YES;
				CLANG_WARN_STRICT_PROTOTYPES = YES;
				CLANG_WARN_SUSPICIOUS_MOVE = YES;
				CLANG_WARN_UNGUARDED_AVAILABILITY = YES_AGGRESSIVE;
				CLANG_WARN_UNREACHABLE_CODE = YES;
				CLANG_WARN__DUPLICATE_METHOD_MATCH = YES;
				COPY_PHASE_STRIP = NO;
				DEBUG_INFORMATION_FORMAT = "dwarf-with-dsym";
				ENABLE_NS_ASSERTIONS = NO;
				ENABLE_STRICT_OBJC_MSGSEND = YES;
				ENABLE_USER_SCRIPT_SANDBOXING = YES;
				GCC_C_LANGUAGE_STANDARD = gnu17;
				GCC_NO_COMMON_BLOCKS = YES;
				GCC_WARN_64_TO_32_BIT_CONVERSION = YES;
				GCC_WARN_ABOUT_RETURN_TYPE = YES_ERROR;
				GCC_WARN_UNDECLARED_SELECTOR = YES;
				GCC_WARN_UNINITIALIZED_AUTOS = YES_AGGRESSIVE;
				GCC_WARN_UNUSED_FUNCTION = YES;
				GCC_WARN_UNUSED_VARIABLE = YES;
				IPHONEOS_DEPLOYMENT_TARGET = 16.0;
				LOCALIZATION_PREFERS_STRING_CATALOGS = YES;
				MTL_ENABLE_DEBUG_INFO = NO;
				MTL_FAST_MATH = YES;
				SDKROOT = iphoneos;
				SWIFT_COMPILATION_MODE = wholemodule;
				VALIDATE_PRODUCT = YES;
			};
			name = Release;
		};
		D154D4102B623AB30019A665 /* Debug */ = {
			isa = XCBuildConfiguration;
			buildSettings = {
				ASSETCATALOG_COMPILER_APPICON_NAME = AppIcon;
				ASSETCATALOG_COMPILER_GLOBAL_ACCENT_COLOR_NAME = AccentColor;
				CODE_SIGN_STYLE = Automatic;
				CURRENT_PROJECT_VERSION = 1;
				DEVELOPMENT_TEAM = WAGW44Z6JC;
				GENERATE_INFOPLIST_FILE = YES;
				INFOPLIST_FILE = RHPokemonDemoApp/Info.plist;
				INFOPLIST_KEY_UIApplicationSupportsIndirectInputEvents = YES;
				INFOPLIST_KEY_UILaunchStoryboardName = LaunchScreen.storyboard;
				INFOPLIST_KEY_UISupportedInterfaceOrientations_iPad = "UIInterfaceOrientationPortrait UIInterfaceOrientationPortraitUpsideDown UIInterfaceOrientationLandscapeLeft UIInterfaceOrientationLandscapeRight";
				INFOPLIST_KEY_UISupportedInterfaceOrientations_iPhone = "UIInterfaceOrientationPortrait UIInterfaceOrientationLandscapeLeft UIInterfaceOrientationLandscapeRight";
				LD_RUNPATH_SEARCH_PATHS = (
					"$(inherited)",
					"@executable_path/Frameworks",
				);
				MARKETING_VERSION = 1.0;
				PRODUCT_BUNDLE_IDENTIFIER = devlab.RHPokemonDemoApp;
				PRODUCT_NAME = "$(TARGET_NAME)";
				SWIFT_EMIT_LOC_STRINGS = YES;
				SWIFT_VERSION = 5.0;
				TARGETED_DEVICE_FAMILY = "1,2";
			};
			name = Debug;
		};
		D154D4112B623AB30019A665 /* Release */ = {
			isa = XCBuildConfiguration;
			buildSettings = {
				ASSETCATALOG_COMPILER_APPICON_NAME = AppIcon;
				ASSETCATALOG_COMPILER_GLOBAL_ACCENT_COLOR_NAME = AccentColor;
				CODE_SIGN_STYLE = Automatic;
				CURRENT_PROJECT_VERSION = 1;
				DEVELOPMENT_TEAM = WAGW44Z6JC;
				GENERATE_INFOPLIST_FILE = YES;
				INFOPLIST_FILE = RHPokemonDemoApp/Info.plist;
				INFOPLIST_KEY_UIApplicationSupportsIndirectInputEvents = YES;
				INFOPLIST_KEY_UILaunchStoryboardName = LaunchScreen.storyboard;
				INFOPLIST_KEY_UISupportedInterfaceOrientations_iPad = "UIInterfaceOrientationPortrait UIInterfaceOrientationPortraitUpsideDown UIInterfaceOrientationLandscapeLeft UIInterfaceOrientationLandscapeRight";
				INFOPLIST_KEY_UISupportedInterfaceOrientations_iPhone = "UIInterfaceOrientationPortrait UIInterfaceOrientationLandscapeLeft UIInterfaceOrientationLandscapeRight";
				LD_RUNPATH_SEARCH_PATHS = (
					"$(inherited)",
					"@executable_path/Frameworks",
				);
				MARKETING_VERSION = 1.0;
				PRODUCT_BUNDLE_IDENTIFIER = devlab.RHPokemonDemoApp;
				PRODUCT_NAME = "$(TARGET_NAME)";
				SWIFT_EMIT_LOC_STRINGS = YES;
				SWIFT_VERSION = 5.0;
				TARGETED_DEVICE_FAMILY = "1,2";
			};
			name = Release;
		};
		D154D4132B623AB30019A665 /* Debug */ = {
			isa = XCBuildConfiguration;
			buildSettings = {
				ALWAYS_EMBED_SWIFT_STANDARD_LIBRARIES = YES;
				BUNDLE_LOADER = "$(TEST_HOST)";
				CODE_SIGN_STYLE = Automatic;
				CURRENT_PROJECT_VERSION = 1;
				DEVELOPMENT_TEAM = WAGW44Z6JC;
				GENERATE_INFOPLIST_FILE = YES;
				IPHONEOS_DEPLOYMENT_TARGET = 17.0;
				MARKETING_VERSION = 1.0;
				PRODUCT_BUNDLE_IDENTIFIER = devlab.RHPokemonDemoAppTests;
				PRODUCT_NAME = "$(TARGET_NAME)";
				SWIFT_EMIT_LOC_STRINGS = NO;
				SWIFT_VERSION = 5.0;
				TARGETED_DEVICE_FAMILY = "1,2";
				TEST_HOST = "$(BUILT_PRODUCTS_DIR)/RHPokemonDemoApp.app/$(BUNDLE_EXECUTABLE_FOLDER_PATH)/RHPokemonDemoApp";
			};
			name = Debug;
		};
		D154D4142B623AB30019A665 /* Release */ = {
			isa = XCBuildConfiguration;
			buildSettings = {
				ALWAYS_EMBED_SWIFT_STANDARD_LIBRARIES = YES;
				BUNDLE_LOADER = "$(TEST_HOST)";
				CODE_SIGN_STYLE = Automatic;
				CURRENT_PROJECT_VERSION = 1;
				DEVELOPMENT_TEAM = WAGW44Z6JC;
				GENERATE_INFOPLIST_FILE = YES;
				IPHONEOS_DEPLOYMENT_TARGET = 17.0;
				MARKETING_VERSION = 1.0;
				PRODUCT_BUNDLE_IDENTIFIER = devlab.RHPokemonDemoAppTests;
				PRODUCT_NAME = "$(TARGET_NAME)";
				SWIFT_EMIT_LOC_STRINGS = NO;
				SWIFT_VERSION = 5.0;
				TARGETED_DEVICE_FAMILY = "1,2";
				TEST_HOST = "$(BUILT_PRODUCTS_DIR)/RHPokemonDemoApp.app/$(BUNDLE_EXECUTABLE_FOLDER_PATH)/RHPokemonDemoApp";
			};
			name = Release;
		};
		D154D4162B623AB30019A665 /* Debug */ = {
			isa = XCBuildConfiguration;
			buildSettings = {
				ALWAYS_EMBED_SWIFT_STANDARD_LIBRARIES = YES;
				CODE_SIGN_STYLE = Automatic;
				CURRENT_PROJECT_VERSION = 1;
				DEVELOPMENT_TEAM = WAGW44Z6JC;
				GENERATE_INFOPLIST_FILE = YES;
				MARKETING_VERSION = 1.0;
				PRODUCT_BUNDLE_IDENTIFIER = devlab.RHPokemonDemoAppUITests;
				PRODUCT_NAME = "$(TARGET_NAME)";
				SWIFT_EMIT_LOC_STRINGS = NO;
				SWIFT_VERSION = 5.0;
				TARGETED_DEVICE_FAMILY = "1,2";
				TEST_TARGET_NAME = RHPokemonDemoApp;
			};
			name = Debug;
		};
		D154D4172B623AB30019A665 /* Release */ = {
			isa = XCBuildConfiguration;
			buildSettings = {
				ALWAYS_EMBED_SWIFT_STANDARD_LIBRARIES = YES;
				CODE_SIGN_STYLE = Automatic;
				CURRENT_PROJECT_VERSION = 1;
				DEVELOPMENT_TEAM = WAGW44Z6JC;
				GENERATE_INFOPLIST_FILE = YES;
				MARKETING_VERSION = 1.0;
				PRODUCT_BUNDLE_IDENTIFIER = devlab.RHPokemonDemoAppUITests;
				PRODUCT_NAME = "$(TARGET_NAME)";
				SWIFT_EMIT_LOC_STRINGS = NO;
				SWIFT_VERSION = 5.0;
				TARGETED_DEVICE_FAMILY = "1,2";
				TEST_TARGET_NAME = RHPokemonDemoApp;
			};
			name = Release;
		};
/* End XCBuildConfiguration section */

/* Begin XCConfigurationList section */
		D154D3E02B623AAF0019A665 /* Build configuration list for PBXProject "RHPokemonDemoApp" */ = {
			isa = XCConfigurationList;
			buildConfigurations = (
				D154D40D2B623AB30019A665 /* Debug */,
				D154D40E2B623AB30019A665 /* Release */,
			);
			defaultConfigurationIsVisible = 0;
			defaultConfigurationName = Release;
		};
		D154D40F2B623AB30019A665 /* Build configuration list for PBXNativeTarget "RHPokemonDemoApp" */ = {
			isa = XCConfigurationList;
			buildConfigurations = (
				D154D4102B623AB30019A665 /* Debug */,
				D154D4112B623AB30019A665 /* Release */,
			);
			defaultConfigurationIsVisible = 0;
			defaultConfigurationName = Release;
		};
		D154D4122B623AB30019A665 /* Build configuration list for PBXNativeTarget "RHPokemonDemoAppTests" */ = {
			isa = XCConfigurationList;
			buildConfigurations = (
				D154D4132B623AB30019A665 /* Debug */,
				D154D4142B623AB30019A665 /* Release */,
			);
			defaultConfigurationIsVisible = 0;
			defaultConfigurationName = Release;
		};
		D154D4152B623AB30019A665 /* Build configuration list for PBXNativeTarget "RHPokemonDemoAppUITests" */ = {
			isa = XCConfigurationList;
			buildConfigurations = (
				D154D4162B623AB30019A665 /* Debug */,
				D154D4172B623AB30019A665 /* Release */,
			);
			defaultConfigurationIsVisible = 0;
			defaultConfigurationName = Release;
		};
/* End XCConfigurationList section */

/* Begin XCRemoteSwiftPackageReference section */
		D11095E12B656BEA00AF81BF /* XCRemoteSwiftPackageReference "RHCacheStore" */ = {
			isa = XCRemoteSwiftPackageReference;
			repositoryURL = "https://github.com/HsinChungHan/RHCacheStore.git";
			requirement = {
				branch = main;
				kind = branch;
			};
		};
		D11095E42B6574F600AF81BF /* XCRemoteSwiftPackageReference "RHCacheStoreAPI" */ = {
			isa = XCRemoteSwiftPackageReference;
			repositoryURL = "https://github.com/HsinChungHan/RHCacheStoreAPI.git";
			requirement = {
				branch = main;
				kind = branch;
			};
		};
		D154D41A2B6242A80019A665 /* XCRemoteSwiftPackageReference "SnapKit" */ = {
			isa = XCRemoteSwiftPackageReference;
			repositoryURL = "https://github.com/SnapKit/SnapKit.git";
			requirement = {
				kind = upToNextMajorVersion;
				minimumVersion = 5.7.0;
			};
		};
		D154D41B2B6242B80019A665 /* XCRemoteSwiftPackageReference "RHInterface" */ = {
			isa = XCRemoteSwiftPackageReference;
			repositoryURL = "https://github.com/HsinChungHan/RHInterface.git";
			requirement = {
				branch = main;
				kind = branch;
			};
		};
		D154D41E2B62437C0019A665 /* XCRemoteSwiftPackageReference "RHNetwork" */ = {
			isa = XCRemoteSwiftPackageReference;
			repositoryURL = "https://github.com/HsinChungHan/RHNetwork.git";
			requirement = {
				branch = main;
				kind = branch;
			};
		};
		D154D4212B6243BA0019A665 /* XCRemoteSwiftPackageReference "RHUIComponent" */ = {
			isa = XCRemoteSwiftPackageReference;
			repositoryURL = "https://github.com/HsinChungHan/RHUIComponent.git";
			requirement = {
				branch = main;
				kind = branch;
			};
		};
		D154D42D2B6262880019A665 /* XCRemoteSwiftPackageReference "RHNetworkAPI" */ = {
			isa = XCRemoteSwiftPackageReference;
			repositoryURL = "https://github.com/HsinChungHan/RHNetworkAPI";
			requirement = {
				branch = main;
				kind = branch;
			};
		};
		D1B2A11F2B6427F00008B380 /* XCRemoteSwiftPackageReference "SVGKit" */ = {
			isa = XCRemoteSwiftPackageReference;
			repositoryURL = "https://github.com/SVGKit/SVGKit.git";
			requirement = {
				kind = upToNextMajorVersion;
				minimumVersion = 3.0.0;
			};
		};
/* End XCRemoteSwiftPackageReference section */

/* Begin XCSwiftPackageProductDependency section */
		D11095E22B656BEA00AF81BF /* RHCacheStore */ = {
			isa = XCSwiftPackageProductDependency;
			package = D11095E12B656BEA00AF81BF /* XCRemoteSwiftPackageReference "RHCacheStore" */;
			productName = RHCacheStore;
		};
		D11095E52B6574F600AF81BF /* RHCacheStoreAPI */ = {
			isa = XCSwiftPackageProductDependency;
			package = D11095E42B6574F600AF81BF /* XCRemoteSwiftPackageReference "RHCacheStoreAPI" */;
			productName = RHCacheStoreAPI;
		};
		D154D41C2B6242B80019A665 /* RHInterface */ = {
			isa = XCSwiftPackageProductDependency;
			package = D154D41B2B6242B80019A665 /* XCRemoteSwiftPackageReference "RHInterface" */;
			productName = RHInterface;
		};
		D154D41F2B62437C0019A665 /* RHNetwork */ = {
			isa = XCSwiftPackageProductDependency;
			package = D154D41E2B62437C0019A665 /* XCRemoteSwiftPackageReference "RHNetwork" */;
			productName = RHNetwork;
		};
		D154D4222B6243BA0019A665 /* RHUIComponent */ = {
			isa = XCSwiftPackageProductDependency;
			package = D154D4212B6243BA0019A665 /* XCRemoteSwiftPackageReference "RHUIComponent" */;
			productName = RHUIComponent;
		};
		D154D42E2B6262880019A665 /* RHNetworkAPI */ = {
			isa = XCSwiftPackageProductDependency;
			package = D154D42D2B6262880019A665 /* XCRemoteSwiftPackageReference "RHNetworkAPI" */;
			productName = RHNetworkAPI;
		};
		D1B2A1212B64282A0008B380 /* SVGKit */ = {
			isa = XCSwiftPackageProductDependency;
			package = D1B2A11F2B6427F00008B380 /* XCRemoteSwiftPackageReference "SVGKit" */;
			productName = SVGKit;
		};
		D1B2A1232B64282A0008B380 /* SVGKitSwift */ = {
			isa = XCSwiftPackageProductDependency;
			package = D1B2A11F2B6427F00008B380 /* XCRemoteSwiftPackageReference "SVGKit" */;
			productName = SVGKitSwift;
		};
/* End XCSwiftPackageProductDependency section */
	};
	rootObject = D154D3DD2B623AAF0019A665 /* Project object */;
}
